
Microsoft Visual Studio Solution File, Format Version 12.00
# Visual Studio 15
Project("{FAE04EC0-301F-11D3-BF4B-00C04F79EFBC}") = "Assembly-CSharp", "Assembly-CSharp.csproj", "{EEB62FB8-67F9-CAC1-8DA5-E3EFADCF2057}"
EndProject
Project("{FAE04EC0-301F-11D3-BF4B-00C04F79EFBC}") = "Assembly-CSharp-Editor", "Assembly-CSharp-Editor.csproj", "{DA7D6A54-1D16-7CA1-9BC4-D3B20408FDF9}"
EndProject
Global
	GlobalSection(SolutionConfigurationPlatforms) = preSolution
		Debug|Any CPU = Debug|Any CPU
		Release|Any CPU = Release|Any CPU
	EndGlobalSection
	GlobalSection(ProjectConfigurationPlatforms) = postSolution
		{EEB62FB8-67F9-CAC1-8DA5-E3EFADCF2057}.Debug|Any CPU.ActiveCfg = Debug|Any CPU
		{EEB62FB8-67F9-CAC1-8DA5-E3EFADCF2057}.Debug|Any CPU.Build.0 = Debug|Any CPU
		{EEB62FB8-67F9-CAC1-8DA5-E3EFADCF2057}.Release|Any CPU.ActiveCfg = Release|Any CPU
		{EEB62FB8-67F9-CAC1-8DA5-E3EFADCF2057}.Release|Any CPU.Build.0 = Release|Any CPU
		{DA7D6A54-1D16-7CA1-9BC4-D3B20408FDF9}.Debug|Any CPU.ActiveCfg = Debug|Any CPU
		{DA7D6A54-1D16-7CA1-9BC4-D3B20408FDF9}.Debug|Any CPU.Build.0 = Debug|Any CPU
		{DA7D6A54-1D16-7CA1-9BC4-D3B20408FDF9}.Release|Any CPU.ActiveCfg = Release|Any CPU
		{DA7D6A54-1D16-7CA1-9BC4-D3B20408FDF9}.Release|Any CPU.Build.0 = Release|Any CPU
	EndGlobalSection
	GlobalSection(SolutionProperties) = preSolution
		HideSolutionNode = FALSE
	EndGlobalSection
EndGlobal
